
Microsoft Visual Studio Solution File, Format Version 12.00
# Visual Studio Version 17
VisualStudioVersion = 17.5.33414.496
MinimumVisualStudioVersion = 10.0.40219.1
Project("{FAE04EC0-301F-11D3-BF4B-00C04F79EFBC}") = "SharePoint2013.FilterWP", "SharePoint2013.FilterWP.csproj", "{BA3C1F0B-08FB-4D30-8777-D2BA97E3ABFD}"
EndProject
Global
	GlobalSection(SolutionConfigurationPlatforms) = preSolution
		Debug|Any CPU = Debug|Any CPU
		Release|Any CPU = Release|Any CPU
	EndGlobalSection
	GlobalSection(ProjectConfigurationPlatforms) = postSolution
		{BA3C1F0B-08FB-4D30-8777-D2BA97E3ABFD}.Debug|Any CPU.ActiveCfg = Debug|Any CPU
		{BA3C1F0B-08FB-4D30-8777-D2BA97E3ABFD}.Debug|Any CPU.Build.0 = Debug|Any CPU
		{BA3C1F0B-08FB-4D30-8777-D2BA97E3ABFD}.Debug|Any CPU.Deploy.0 = Debug|Any CPU
		{BA3C1F0B-08FB-4D30-8777-D2BA97E3ABFD}.Release|Any CPU.ActiveCfg = Release|Any CPU
		{BA3C1F0B-08FB-4D30-8777-D2BA97E3ABFD}.Release|Any CPU.Build.0 = Release|Any CPU
		{BA3C1F0B-08FB-4D30-8777-D2BA97E3ABFD}.Release|Any CPU.Deploy.0 = Release|Any CPU
	EndGlobalSection
	GlobalSection(SolutionProperties) = preSolution
		HideSolutionNode = FALSE
	EndGlobalSection
	GlobalSection(ExtensibilityGlobals) = postSolution
		SolutionGuid = {212E46CB-8936-40F0-9DD5-720F69431D74}
	EndGlobalSection
EndGlobal
